
Microsoft Visual Studio Solution File, Format Version 12.00
Project("{FAE04EC0-301F-11D3-BF4B-00C04F79EFBC}") = "CreateKnightSquireXml", "CreateKnightSquireXml\CreateKnightSquireXml.csproj", "{EC2441CF-7A9E-4AED-8D47-B17A597C44E0}"
EndProject
Global
	GlobalSection(SolutionConfigurationPlatforms) = preSolution
		Debug|Any CPU = Debug|Any CPU
		Release|Any CPU = Release|Any CPU
	EndGlobalSection
	GlobalSection(ProjectConfigurationPlatforms) = postSolution
		{EC2441CF-7A9E-4AED-8D47-B17A597C44E0}.Debug|Any CPU.ActiveCfg = Debug|Any CPU
		{EC2441CF-7A9E-4AED-8D47-B17A597C44E0}.Debug|Any CPU.Build.0 = Debug|Any CPU
		{EC2441CF-7A9E-4AED-8D47-B17A597C44E0}.Release|Any CPU.ActiveCfg = Release|Any CPU
		{EC2441CF-7A9E-4AED-8D47-B17A597C44E0}.Release|Any CPU.Build.0 = Release|Any CPU
	EndGlobalSection
EndGlobal
